
Microsoft Visual Studio Solution File, Format Version 12.00
# Visual Studio Version 17
VisualStudioVersion = 17.9.34728.123
MinimumVisualStudioVersion = 10.0.40219.1
Project("{2150E333-8FDC-42A3-9474-1A3956D46DE8}") = "src", "src", "{A3AA63BA-CB19-454E-ACC6-79A832D7CF99}"
EndProject
Project("{2150E333-8FDC-42A3-9474-1A3956D46DE8}") = "test", "test", "{E2436499-858F-4B49-AFBF-F0850A559770}"
EndProject
Project("{FAE04EC0-301F-11D3-BF4B-00C04F79EFBC}") = "TodoApp.Api", "TodoApp.Api\TodoApp.Api.csproj", "{AB45C7B0-F2E9-4B56-A7E7-E89D8D5844A8}"
EndProject
Project("{FAE04EC0-301F-11D3-BF4B-00C04F79EFBC}") = "TodoApp.Application", "TodoApp.Application\TodoApp.Application.csproj", "{8CF4B105-E18D-431E-A932-BBEB72254290}"
EndProject
Project("{FAE04EC0-301F-11D3-BF4B-00C04F79EFBC}") = "TodoApp.Test", "TodoApp.Test\TodoApp.Test.csproj", "{133F7E5F-9D40-4232-B87E-A0A6CD24BCC9}"
EndProject
Global
	GlobalSection(SolutionConfigurationPlatforms) = preSolution
		Debug|Any CPU = Debug|Any CPU
		Release|Any CPU = Release|Any CPU
	EndGlobalSection
	GlobalSection(ProjectConfigurationPlatforms) = postSolution
		{AB45C7B0-F2E9-4B56-A7E7-E89D8D5844A8}.Debug|Any CPU.ActiveCfg = Debug|Any CPU
		{AB45C7B0-F2E9-4B56-A7E7-E89D8D5844A8}.Debug|Any CPU.Build.0 = Debug|Any CPU
		{AB45C7B0-F2E9-4B56-A7E7-E89D8D5844A8}.Release|Any CPU.ActiveCfg = Release|Any CPU
		{AB45C7B0-F2E9-4B56-A7E7-E89D8D5844A8}.Release|Any CPU.Build.0 = Release|Any CPU
		{8CF4B105-E18D-431E-A932-BBEB72254290}.Debug|Any CPU.ActiveCfg = Debug|Any CPU
		{8CF4B105-E18D-431E-A932-BBEB72254290}.Debug|Any CPU.Build.0 = Debug|Any CPU
		{8CF4B105-E18D-431E-A932-BBEB72254290}.Release|Any CPU.ActiveCfg = Release|Any CPU
		{8CF4B105-E18D-431E-A932-BBEB72254290}.Release|Any CPU.Build.0 = Release|Any CPU
		{133F7E5F-9D40-4232-B87E-A0A6CD24BCC9}.Debug|Any CPU.ActiveCfg = Debug|Any CPU
		{133F7E5F-9D40-4232-B87E-A0A6CD24BCC9}.Debug|Any CPU.Build.0 = Debug|Any CPU
		{133F7E5F-9D40-4232-B87E-A0A6CD24BCC9}.Release|Any CPU.ActiveCfg = Release|Any CPU
		{133F7E5F-9D40-4232-B87E-A0A6CD24BCC9}.Release|Any CPU.Build.0 = Release|Any CPU
	EndGlobalSection
	GlobalSection(SolutionProperties) = preSolution
		HideSolutionNode = FALSE
	EndGlobalSection
	GlobalSection(NestedProjects) = preSolution
		{AB45C7B0-F2E9-4B56-A7E7-E89D8D5844A8} = {A3AA63BA-CB19-454E-ACC6-79A832D7CF99}
		{8CF4B105-E18D-431E-A932-BBEB72254290} = {A3AA63BA-CB19-454E-ACC6-79A832D7CF99}
		{133F7E5F-9D40-4232-B87E-A0A6CD24BCC9} = {E2436499-858F-4B49-AFBF-F0850A559770}
	EndGlobalSection
	GlobalSection(ExtensibilityGlobals) = postSolution
		SolutionGuid = {431EE4C5-D3B2-408F-9E96-D045DC84372F}
	EndGlobalSection
EndGlobal
